// !$*UTF8*$!
{
	archiveVersion = 1;
	classes = {
	};
	objectVersion = 46;
	objects = {

/* Begin PBXBuildFile section */
		287826BF1B06217700BB14C7 /* AppDelegate.swift in Sources */ = {isa = PBXBuildFile; fileRef = 287826BE1B06217700BB14C7 /* AppDelegate.swift */; };
		287826C11B06217700BB14C7 /* ViewController.swift in Sources */ = {isa = PBXBuildFile; fileRef = 287826C01B06217700BB14C7 /* ViewController.swift */; };
		287826C41B06217700BB14C7 /* Main.storyboard in Resources */ = {isa = PBXBuildFile; fileRef = 287826C21B06217700BB14C7 /* Main.storyboard */; };
		287826C61B06217700BB14C7 /* Images.xcassets in Resources */ = {isa = PBXBuildFile; fileRef = 287826C51B06217700BB14C7 /* Images.xcassets */; };
		287826C91B06217700BB14C7 /* LaunchScreen.xib in Resources */ = {isa = PBXBuildFile; fileRef = 287826C71B06217700BB14C7 /* LaunchScreen.xib */; };
		287826D51B06217700BB14C7 /* loveFinderTests.swift in Sources */ = {isa = PBXBuildFile; fileRef = 287826D41B06217700BB14C7 /* loveFinderTests.swift */; };
/* End PBXBuildFile section */

/* Begin PBXContainerItemProxy section */
		287826CF1B06217700BB14C7 /* PBXContainerItemProxy */ = {
			isa = PBXContainerItemProxy;
			containerPortal = 287826B11B06217700BB14C7 /* Project object */;
			proxyType = 1;
			remoteGlobalIDString = 287826B81B06217700BB14C7;
			remoteInfo = loveFinder;
		};
/* End PBXContainerItemProxy section */

/* Begin PBXFileReference section */
		287826B91B06217700BB14C7 /* loveFinder.app */ = {isa = PBXFileReference; explicitFileType = wrapper.application; includeInIndex = 0; path = loveFinder.app; sourceTree = BUILT_PRODUCTS_DIR; };
		287826BD1B06217700BB14C7 /* Info.plist */ = {isa = PBXFileReference; lastKnownFileType = text.plist.xml; path = Info.plist; sourceTree = "<group>"; };
		287826BE1B06217700BB14C7 /* AppDelegate.swift */ = {isa = PBXFileReference; lastKnownFileType = sourcecode.swift; path = AppDelegate.swift; sourceTree = "<group>"; };
		287826C01B06217700BB14C7 /* ViewController.swift */ = {isa = PBXFileReference; lastKnownFileType = sourcecode.swift; path = ViewController.swift; sourceTree = "<group>"; };
		287826C31B06217700BB14C7 /* Base */ = {isa = PBXFileReference; lastKnownFileType = file.storyboard; name = Base; path = Base.lproj/Main.storyboard; sourceTree = "<group>"; };
		287826C51B06217700BB14C7 /* Images.xcassets */ = {isa = PBXFileReference; lastKnownFileType = folder.assetcatalog; path = Images.xcassets; sourceTree = "<group>"; };
		287826C81B06217700BB14C7 /* Base */ = {isa = PBXFileReference; lastKnownFileType = file.xib; name = Base; path = Base.lproj/LaunchScreen.xib; sourceTree = "<group>"; };
		287826CE1B06217700BB14C7 /* loveFinderTests.xctest */ = {isa = PBXFileReference; explicitFileType = wrapper.cfbundle; includeInIndex = 0; path = loveFinderTests.xctest; sourceTree = BUILT_PRODUCTS_DIR; };
		287826D31B06217700BB14C7 /* Info.plist */ = {isa = PBXFileReference; lastKnownFileType = text.plist.xml; path = Info.plist; sourceTree = "<group>"; };
		287826D41B06217700BB14C7 /* loveFinderTests.swift */ = {isa = PBXFileReference; lastKnownFileType = sourcecode.swift; path = loveFinderTests.swift; sourceTree = "<group>"; };
/* End PBXFileReference section */

/* Begin PBXFrameworksBuildPhase section */
		287826B61B06217700BB14C7 /* Frameworks */ = {
			isa = PBXFrameworksBuildPhase;
			buildActionMask = 2147483647;
			files = (
			);
			runOnlyForDeploymentPostprocessing = 0;
		};
		287826CB1B06217700BB14C7 /* Frameworks */ = {
			isa = PBXFrameworksBuildPhase;
			buildActionMask = 2147483647;
			files = (
			);
			runOnlyForDeploymentPostprocessing = 0;
		};
/* End PBXFrameworksBuildPhase section */

/* Begin PBXGroup section */
		287826B01B06217700BB14C7 = {
			isa = PBXGroup;
			children = (
				287826BB1B06217700BB14C7 /* loveFinder */,
				287826D11B06217700BB14C7 /* loveFinderTests */,
				287826BA1B06217700BB14C7 /* Products */,
			);
			sourceTree = "<group>";
		};
		287826BA1B06217700BB14C7 /* Products */ = {
			isa = PBXGroup;
			children = (
				287826B91B06217700BB14C7 /* loveFinder.app */,
				287826CE1B06217700BB14C7 /* loveFinderTests.xctest */,
			);
			name = Products;
			sourceTree = "<group>";
		};
		287826BB1B06217700BB14C7 /* loveFinder */ = {
			isa = PBXGroup;
			children = (
				287826BE1B06217700BB14C7 /* AppDelegate.swift */,
				287826C01B06217700BB14C7 /* ViewController.swift */,
				287826C21B06217700BB14C7 /* Main.storyboard */,
				287826C51B06217700BB14C7 /* Images.xcassets */,
				287826C71B06217700BB14C7 /* LaunchScreen.xib */,
				287826BC1B06217700BB14C7 /* Supporting Files */,
			);
			path = loveFinder;
			sourceTree = "<group>";
		};
		287826BC1B06217700BB14C7 /* Supporting Files */ = {
			isa = PBXGroup;
			children = (
				287826BD1B06217700BB14C7 /* Info.plist */,
			);
			name = "Supporting Files";
			sourceTree = "<group>";
		};
		287826D11B06217700BB14C7 /* loveFinderTests */ = {
			isa = PBXGroup;
			children = (
				287826D41B06217700BB14C7 /* loveFinderTests.swift */,
				287826D21B06217700BB14C7 /* Supporting Files */,
			);
			path = loveFinderTests;
			sourceTree = "<group>";
		};
		287826D21B06217700BB14C7 /* Supporting Files */ = {
			isa = PBXGroup;
			children = (
				287826D31B06217700BB14C7 /* Info.plist */,
			);
			name = "Supporting Files";
			sourceTree = "<group>";
		};
/* End PBXGroup section */

/* Begin PBXNativeTarget section */
		287826B81B06217700BB14C7 /* loveFinder */ = {
			isa = PBXNativeTarget;
			buildConfigurationList = 287826D81B06217700BB14C7 /* Build configuration list for PBXNativeTarget "loveFinder" */;
			buildPhases = (
				287826B51B06217700BB14C7 /* Sources */,
				287826B61B06217700BB14C7 /* Frameworks */,
				287826B71B06217700BB14C7 /* Resources */,
			);
			buildRules = (
			);
			dependencies = (
			);
			name = loveFinder;
			productName = loveFinder;
			productReference = 287826B91B06217700BB14C7 /* loveFinder.app */;
			productType = "com.apple.product-type.application";
		};
		287826CD1B06217700BB14C7 /* loveFinderTests */ = {
			isa = PBXNativeTarget;
			buildConfigurationList = 287826DB1B06217700BB14C7 /* Build configuration list for PBXNativeTarget "loveFinderTests" */;
			buildPhases = (
				287826CA1B06217700BB14C7 /* Sources */,
				287826CB1B06217700BB14C7 /* Frameworks */,
				287826CC1B06217700BB14C7 /* Resources */,
			);
			buildRules = (
			);
			dependencies = (
				287826D01B06217700BB14C7 /* PBXTargetDependency */,
			);
			name = loveFinderTests;
			productName = loveFinderTests;
			productReference = 287826CE1B06217700BB14C7 /* loveFinderTests.xctest */;
			productType = "com.apple.product-type.bundle.unit-test";
		};
/* End PBXNativeTarget section */

/* Begin PBXProject section */
		287826B11B06217700BB14C7 /* Project object */ = {
			isa = PBXProject;
			attributes = {
				LastUpgradeCheck = 0630;
				ORGANIZATIONNAME = devinxu;
				TargetAttributes = {
					287826B81B06217700BB14C7 = {
						CreatedOnToolsVersion = 6.3.1;
					};
					287826CD1B06217700BB14C7 = {
						CreatedOnToolsVersion = 6.3.1;
						TestTargetID = 287826B81B06217700BB14C7;
					};
				};
			};
			buildConfigurationList = 287826B41B06217700BB14C7 /* Build configuration list for PBXProject "loveFinder" */;
			compatibilityVersion = "Xcode 3.2";
			developmentRegion = English;
			hasScannedForEncodings = 0;
			knownRegions = (
				en,
				Base,
			);
			mainGroup = 287826B01B06217700BB14C7;
			productRefGroup = 287826BA1B06217700BB14C7 /* Products */;
			projectDirPath = "";
			projectRoot = "";
			targets = (
				287826B81B06217700BB14C7 /* loveFinder */,
				287826CD1B06217700BB14C7 /* loveFinderTests */,
			);
		};
/* End PBXProject section */

/* Begin PBXResourcesBuildPhase section */
		287826B71B06217700BB14C7 /* Resources */ = {
			isa = PBXResourcesBuildPhase;
			buildActionMask = 2147483647;
			files = (
				287826C41B06217700BB14C7 /* Main.storyboard in Resources */,
				287826C91B06217700BB14C7 /* LaunchScreen.xib in Resources */,
				287826C61B06217700BB14C7 /* Images.xcassets in Resources */,
			);
			runOnlyForDeploymentPostprocessing = 0;
		};
		287826CC1B06217700BB14C7 /* Resources */ = {
			isa = PBXResourcesBuildPhase;
			buildActionMask = 2147483647;
			files = (
			);
			runOnlyForDeploymentPostprocessing = 0;
		};
/* End PBXResourcesBuildPhase section */

/* Begin PBXSourcesBuildPhase section */
		287826B51B06217700BB14C7 /* Sources */ = {
			isa = PBXSourcesBuildPhase;
			buildActionMask = 2147483647;
			files = (
				287826C11B06217700BB14C7 /* ViewController.swift in Sources */,
				287826BF1B06217700BB14C7 /* AppDelegate.swift in Sources */,
			);
			runOnlyForDeploymentPostprocessing = 0;
		};
		287826CA1B06217700BB14C7 /* Sources */ = {
			isa = PBXSourcesBuildPhase;
			buildActionMask = 2147483647;
			files = (
				287826D51B06217700BB14C7 /* loveFinderTests.swift in Sources */,
			);
			runOnlyForDeploymentPostprocessing = 0;
		};
/* End PBXSourcesBuildPhase section */

/* Begin PBXTargetDependency section */
		287826D01B06217700BB14C7 /* PBXTargetDependency */ = {
			isa = PBXTargetDependency;
			target = 287826B81B06217700BB14C7 /* loveFinder */;
			targetProxy = 287826CF1B06217700BB14C7 /* PBXContainerItemProxy */;
		};
/* End PBXTargetDependency section */

/* Begin PBXVariantGroup section */
		287826C21B06217700BB14C7 /* Main.storyboard */ = {
			isa = PBXVariantGroup;
			children = (
				287826C31B06217700BB14C7 /* Base */,
			);
			name = Main.storyboard;
			sourceTree = "<group>";
		};
		287826C71B06217700BB14C7 /* LaunchScreen.xib */ = {
			isa = PBXVariantGroup;
			children = (
				287826C81B06217700BB14C7 /* Base */,
			);
			name = LaunchScreen.xib;
			sourceTree = "<group>";
		};
/* End PBXVariantGroup section */

/* Begin XCBuildConfiguration section */
		287826D61B06217700BB14C7 /* Debug */ = {
			isa = XCBuildConfiguration;
			buildSettings = {
				ALWAYS_SEARCH_USER_PATHS = NO;
				CLANG_CXX_LANGUAGE_STANDARD = "gnu++0x";
				CLANG_CXX_LIBRARY = "libc++";
				CLANG_ENABLE_MODULES = YES;
				CLANG_ENABLE_OBJC_ARC = YES;
				CLANG_WARN_BOOL_CONVERSION = YES;
				CLANG_WARN_CONSTANT_CONVERSION = YES;
				CLANG_WARN_DIRECT_OBJC_ISA_USAGE = YES_ERROR;
				CLANG_WARN_EMPTY_BODY = YES;
				CLANG_WARN_ENUM_CONVERSION = YES;
				CLANG_WARN_INT_CONVERSION = YES;
				CLANG_WARN_OBJC_ROOT_CLASS = YES_ERROR;
				CLANG_WARN_UNREACHABLE_CODE = YES;
				CLANG_WARN__DUPLICATE_METHOD_MATCH = YES;
				"CODE_SIGN_IDENTITY[sdk=iphoneos*]" = "iPhone Developer";
				COPY_PHASE_STRIP = NO;
				DEBUG_INFORMATION_FORMAT = "dwarf-with-dsym";
				ENABLE_STRICT_OBJC_MSGSEND = YES;
				GCC_C_LANGUAGE_STANDARD = gnu99;
				GCC_DYNAMIC_NO_PIC = NO;
				GCC_NO_COMMON_BLOCKS = YES;
				GCC_OPTIMIZATION_LEVEL = 0;
				GCC_PREPROCESSOR_DEFINITIONS = (
					"DEBUG=1",
					"$(inherited)",
				);
				GCC_SYMBOLS_PRIVATE_EXTERN = NO;
				GCC_WARN_64_TO_32_BIT_CONVERSION = YES;
				GCC_WARN_ABOUT_RETURN_TYPE = YES_ERROR;
				GCC_WARN_UNDECLARED_SELECTOR = YES;
				GCC_WARN_UNINITIALIZED_AUTOS = YES_AGGRESSIVE;
				GCC_WARN_UNUSED_FUNCTION = YES;
				GCC_WARN_UNUSED_VARIABLE = YES;
				IPHONEOS_DEPLOYMENT_TARGET = 8.3;
				MTL_ENABLE_DEBUG_INFO = YES;
				ONLY_ACTIVE_ARCH = YES;
				SDKROOT = iphoneos;
				SWIFT_OPTIMIZATION_LEVEL = "-Onone";
			};
			name = Debug;
		};
		287826D71B06217700BB14C7 /* Release */ = {
			isa = XCBuildConfiguration;
			buildSettings = {
				ALWAYS_SEARCH_USER_PATHS = NO;
				CLANG_CXX_LANGUAGE_STANDARD = "gnu++0x";
				CLANG_CXX_LIBRARY = "libc++";
				CLANG_ENABLE_MODULES = YES;
				CLANG_ENABLE_OBJC_ARC = YES;
				CLANG_WARN_BOOL_CONVERSION = YES;
				CLANG_WARN_CONSTANT_CONVERSION = YES;
				CLANG_WARN_DIRECT_OBJC_ISA_USAGE = YES_ERROR;
				CLANG_WARN_EMPTY_BODY = YES;
				CLANG_WARN_ENUM_CONVERSION = YES;
				CLANG_WARN_INT_CONVERSION = YES;
				CLANG_WARN_OBJC_ROOT_CLASS = YES_ERROR;
				CLANG_WARN_UNREACHABLE_CODE = YES;
				CLANG_WARN__DUPLICATE_METHOD_MATCH = YES;
				"CODE_SIGN_IDENTITY[sdk=iphoneos*]" = "iPhone Developer";
				COPY_PHASE_STRIP = NO;
				DEBUG_INFORMATION_FORMAT = "dwarf-with-dsym";
				ENABLE_NS_ASSERTIONS = NO;
				ENABLE_STRICT_OBJC_MSGSEND = YES;
				GCC_C_LANGUAGE_STANDARD = gnu99;
				GCC_NO_COMMON_BLOCKS = YES;
				GCC_WARN_64_TO_32_BIT_CONVERSION = YES;
				GCC_WARN_ABOUT_RETURN_TYPE = YES_ERROR;
				GCC_WARN_UNDECLARED_SELECTOR = YES;
				GCC_WARN_UNINITIALIZED_AUTOS = YES_AGGRESSIVE;
				GCC_WARN_UNUSED_FUNCTION = YES;
				GCC_WARN_UNUSED_VARIABLE = YES;
				IPHONEOS_DEPLOYMENT_TARGET = 8.3;
				MTL_ENABLE_DEBUG_INFO = NO;
				SDKROOT = iphoneos;
				VALIDATE_PRODUCT = YES;
			};
			name = Release;
		};
		287826D91B06217700BB14C7 /* Debug */ = {
			isa = XCBuildConfiguration;
			buildSettings = {
				ASSETCATALOG_COMPILER_APPICON_NAME = AppIcon;
				INFOPLIST_FILE = loveFinder/Info.plist;
				LD_RUNPATH_SEARCH_PATHS = "$(inherited) @executable_path/Frameworks";
				PRODUCT_NAME = "$(TARGET_NAME)";
			};
			name = Debug;
		};
		287826DA1B06217700BB14C7 /* Release */ = {
			isa = XCBuildConfiguration;
			buildSettings = {
				ASSETCATALOG_COMPILER_APPICON_NAME = AppIcon;
				INFOPLIST_FILE = loveFinder/Info.plist;
				LD_RUNPATH_SEARCH_PATHS = "$(inherited) @executable_path/Frameworks";
				PRODUCT_NAME = "$(TARGET_NAME)";
			};
			name = Release;
		};
		287826DC1B06217700BB14C7 /* Debug */ = {
			isa = XCBuildConfiguration;
			buildSettings = {
				BUNDLE_LOADER = "$(TEST_HOST)";
				FRAMEWORK_SEARCH_PATHS = (
					"$(SDKROOT)/Developer/Library/Frameworks",
					"$(inherited)",
				);
				GCC_PREPROCESSOR_DEFINITIONS = (
					"DEBUG=1",
					"$(inherited)",
				);
				INFOPLIST_FILE = loveFinderTests/Info.plist;
				LD_RUNPATH_SEARCH_PATHS = "$(inherited) @executable_path/Frameworks @loader_path/Frameworks";
				PRODUCT_NAME = "$(TARGET_NAME)";
				TEST_HOST = "$(BUILT_PRODUCTS_DIR)/loveFinder.app/loveFinder";
			};
			name = Debug;
		};
		287826DD1B06217700BB14C7 /* Release */ = {
			isa = XCBuildConfiguration;
			buildSettings = {
				BUNDLE_LOADER = "$(TEST_HOST)";
				FRAMEWORK_SEARCH_PATHS = (
					"$(SDKROOT)/Developer/Library/Frameworks",
					"$(inherited)",
				);
				INFOPLIST_FILE = loveFinderTests/Info.plist;
				LD_RUNPATH_SEARCH_PATHS = "$(inherited) @executable_path/Frameworks @loader_path/Frameworks";
				PRODUCT_NAME = "$(TARGET_NAME)";
				TEST_HOST = "$(BUILT_PRODUCTS_DIR)/loveFinder.app/loveFinder";
			};
			name = Release;
		};
/* End XCBuildConfiguration section */

/* Begin XCConfigurationList section */
		287826B41B06217700BB14C7 /* Build configuration list for PBXProject "loveFinder" */ = {
			isa = XCConfigurationList;
			buildConfigurations = (
				287826D61B06217700BB14C7 /* Debug */,
				287826D71B06217700BB14C7 /* Release */,
			);
			defaultConfigurationIsVisible = 0;
			defaultConfigurationName = Release;
		};
		287826D81B06217700BB14C7 /* Build configuration list for PBXNativeTarget "loveFinder" */ = {
			isa = XCConfigurationList;
			buildConfigurations = (
				287826D91B06217700BB14C7 /* Debug */,
				287826DA1B06217700BB14C7 /* Release */,
			);
			defaultConfigurationIsVisible = 0;
		};
		287826DB1B06217700BB14C7 /* Build configuration list for PBXNativeTarget "loveFinderTests" */ = {
			isa = XCConfigurationList;
			buildConfigurations = (
				287826DC1B06217700BB14C7 /* Debug */,
				287826DD1B06217700BB14C7 /* Release */,
			);
			defaultConfigurationIsVisible = 0;
		};
/* End XCConfigurationList section */
	};
	rootObject = 287826B11B06217700BB14C7 /* Project object */;
}
