// !$*UTF8*$!
{
	archiveVersion = 1;
	classes = {
	};
	objectVersion = 46;
	objects = {

/* Begin PBXBuildFile section */
		2803E60F1B5B9BB000F3C5FF /* AppDelegate.swift in Sources */ = {isa = PBXBuildFile; fileRef = 2803E60E1B5B9BB000F3C5FF /* AppDelegate.swift */; };
		2803E6111B5B9BB000F3C5FF /* ViewController.swift in Sources */ = {isa = PBXBuildFile; fileRef = 2803E6101B5B9BB000F3C5FF /* ViewController.swift */; };
		2803E6141B5B9BB000F3C5FF /* Main.storyboard in Resources */ = {isa = PBXBuildFile; fileRef = 2803E6121B5B9BB000F3C5FF /* Main.storyboard */; };
		2803E6161B5B9BB000F3C5FF /* Images.xcassets in Resources */ = {isa = PBXBuildFile; fileRef = 2803E6151B5B9BB000F3C5FF /* Images.xcassets */; };
		2803E6191B5B9BB000F3C5FF /* LaunchScreen.xib in Resources */ = {isa = PBXBuildFile; fileRef = 2803E6171B5B9BB000F3C5FF /* LaunchScreen.xib */; };
		2803E6251B5B9BB000F3C5FF /* BullsEyeTests.swift in Sources */ = {isa = PBXBuildFile; fileRef = 2803E6241B5B9BB000F3C5FF /* BullsEyeTests.swift */; };
/* End PBXBuildFile section */

/* Begin PBXContainerItemProxy section */
		2803E61F1B5B9BB000F3C5FF /* PBXContainerItemProxy */ = {
			isa = PBXContainerItemProxy;
			containerPortal = 2803E6011B5B9BB000F3C5FF /* Project object */;
			proxyType = 1;
			remoteGlobalIDString = 2803E6081B5B9BB000F3C5FF;
			remoteInfo = BullsEye;
		};
/* End PBXContainerItemProxy section */

/* Begin PBXFileReference section */
		2803E6091B5B9BB000F3C5FF /* BullsEye.app */ = {isa = PBXFileReference; explicitFileType = wrapper.application; includeInIndex = 0; path = BullsEye.app; sourceTree = BUILT_PRODUCTS_DIR; };
		2803E60D1B5B9BB000F3C5FF /* Info.plist */ = {isa = PBXFileReference; lastKnownFileType = text.plist.xml; path = Info.plist; sourceTree = "<group>"; };
		2803E60E1B5B9BB000F3C5FF /* AppDelegate.swift */ = {isa = PBXFileReference; lastKnownFileType = sourcecode.swift; path = AppDelegate.swift; sourceTree = "<group>"; };
		2803E6101B5B9BB000F3C5FF /* ViewController.swift */ = {isa = PBXFileReference; lastKnownFileType = sourcecode.swift; path = ViewController.swift; sourceTree = "<group>"; };
		2803E6131B5B9BB000F3C5FF /* Base */ = {isa = PBXFileReference; lastKnownFileType = file.storyboard; name = Base; path = Base.lproj/Main.storyboard; sourceTree = "<group>"; };
		2803E6151B5B9BB000F3C5FF /* Images.xcassets */ = {isa = PBXFileReference; lastKnownFileType = folder.assetcatalog; path = Images.xcassets; sourceTree = "<group>"; };
		2803E6181B5B9BB000F3C5FF /* Base */ = {isa = PBXFileReference; lastKnownFileType = file.xib; name = Base; path = Base.lproj/LaunchScreen.xib; sourceTree = "<group>"; };
		2803E61E1B5B9BB000F3C5FF /* BullsEyeTests.xctest */ = {isa = PBXFileReference; explicitFileType = wrapper.cfbundle; includeInIndex = 0; path = BullsEyeTests.xctest; sourceTree = BUILT_PRODUCTS_DIR; };
		2803E6231B5B9BB000F3C5FF /* Info.plist */ = {isa = PBXFileReference; lastKnownFileType = text.plist.xml; path = Info.plist; sourceTree = "<group>"; };
		2803E6241B5B9BB000F3C5FF /* BullsEyeTests.swift */ = {isa = PBXFileReference; lastKnownFileType = sourcecode.swift; path = BullsEyeTests.swift; sourceTree = "<group>"; };
/* End PBXFileReference section */

/* Begin PBXFrameworksBuildPhase section */
		2803E6061B5B9BB000F3C5FF /* Frameworks */ = {
			isa = PBXFrameworksBuildPhase;
			buildActionMask = 2147483647;
			files = (
			);
			runOnlyForDeploymentPostprocessing = 0;
		};
		2803E61B1B5B9BB000F3C5FF /* Frameworks */ = {
			isa = PBXFrameworksBuildPhase;
			buildActionMask = 2147483647;
			files = (
			);
			runOnlyForDeploymentPostprocessing = 0;
		};
/* End PBXFrameworksBuildPhase section */

/* Begin PBXGroup section */
		2803E6001B5B9BB000F3C5FF = {
			isa = PBXGroup;
			children = (
				2803E60B1B5B9BB000F3C5FF /* BullsEye */,
				2803E6211B5B9BB000F3C5FF /* BullsEyeTests */,
				2803E60A1B5B9BB000F3C5FF /* Products */,
			);
			sourceTree = "<group>";
		};
		2803E60A1B5B9BB000F3C5FF /* Products */ = {
			isa = PBXGroup;
			children = (
				2803E6091B5B9BB000F3C5FF /* BullsEye.app */,
				2803E61E1B5B9BB000F3C5FF /* BullsEyeTests.xctest */,
			);
			name = Products;
			sourceTree = "<group>";
		};
		2803E60B1B5B9BB000F3C5FF /* BullsEye */ = {
			isa = PBXGroup;
			children = (
				2803E60E1B5B9BB000F3C5FF /* AppDelegate.swift */,
				2803E6101B5B9BB000F3C5FF /* ViewController.swift */,
				2803E6121B5B9BB000F3C5FF /* Main.storyboard */,
				2803E6151B5B9BB000F3C5FF /* Images.xcassets */,
				2803E6171B5B9BB000F3C5FF /* LaunchScreen.xib */,
				2803E60C1B5B9BB000F3C5FF /* Supporting Files */,
			);
			path = BullsEye;
			sourceTree = "<group>";
		};
		2803E60C1B5B9BB000F3C5FF /* Supporting Files */ = {
			isa = PBXGroup;
			children = (
				2803E60D1B5B9BB000F3C5FF /* Info.plist */,
			);
			name = "Supporting Files";
			sourceTree = "<group>";
		};
		2803E6211B5B9BB000F3C5FF /* BullsEyeTests */ = {
			isa = PBXGroup;
			children = (
				2803E6241B5B9BB000F3C5FF /* BullsEyeTests.swift */,
				2803E6221B5B9BB000F3C5FF /* Supporting Files */,
			);
			path = BullsEyeTests;
			sourceTree = "<group>";
		};
		2803E6221B5B9BB000F3C5FF /* Supporting Files */ = {
			isa = PBXGroup;
			children = (
				2803E6231B5B9BB000F3C5FF /* Info.plist */,
			);
			name = "Supporting Files";
			sourceTree = "<group>";
		};
/* End PBXGroup section */

/* Begin PBXNativeTarget section */
		2803E6081B5B9BB000F3C5FF /* BullsEye */ = {
			isa = PBXNativeTarget;
			buildConfigurationList = 2803E6281B5B9BB000F3C5FF /* Build configuration list for PBXNativeTarget "BullsEye" */;
			buildPhases = (
				2803E6051B5B9BB000F3C5FF /* Sources */,
				2803E6061B5B9BB000F3C5FF /* Frameworks */,
				2803E6071B5B9BB000F3C5FF /* Resources */,
			);
			buildRules = (
			);
			dependencies = (
			);
			name = BullsEye;
			productName = BullsEye;
			productReference = 2803E6091B5B9BB000F3C5FF /* BullsEye.app */;
			productType = "com.apple.product-type.application";
		};
		2803E61D1B5B9BB000F3C5FF /* BullsEyeTests */ = {
			isa = PBXNativeTarget;
			buildConfigurationList = 2803E62B1B5B9BB000F3C5FF /* Build configuration list for PBXNativeTarget "BullsEyeTests" */;
			buildPhases = (
				2803E61A1B5B9BB000F3C5FF /* Sources */,
				2803E61B1B5B9BB000F3C5FF /* Frameworks */,
				2803E61C1B5B9BB000F3C5FF /* Resources */,
			);
			buildRules = (
			);
			dependencies = (
				2803E6201B5B9BB000F3C5FF /* PBXTargetDependency */,
			);
			name = BullsEyeTests;
			productName = BullsEyeTests;
			productReference = 2803E61E1B5B9BB000F3C5FF /* BullsEyeTests.xctest */;
			productType = "com.apple.product-type.bundle.unit-test";
		};
/* End PBXNativeTarget section */

/* Begin PBXProject section */
		2803E6011B5B9BB000F3C5FF /* Project object */ = {
			isa = PBXProject;
			attributes = {
				LastUpgradeCheck = 0640;
				ORGANIZATIONNAME = devinxu;
				TargetAttributes = {
					2803E6081B5B9BB000F3C5FF = {
						CreatedOnToolsVersion = 6.4;
					};
					2803E61D1B5B9BB000F3C5FF = {
						CreatedOnToolsVersion = 6.4;
						TestTargetID = 2803E6081B5B9BB000F3C5FF;
					};
				};
			};
			buildConfigurationList = 2803E6041B5B9BB000F3C5FF /* Build configuration list for PBXProject "BullsEye" */;
			compatibilityVersion = "Xcode 3.2";
			developmentRegion = English;
			hasScannedForEncodings = 0;
			knownRegions = (
				en,
				Base,
			);
			mainGroup = 2803E6001B5B9BB000F3C5FF;
			productRefGroup = 2803E60A1B5B9BB000F3C5FF /* Products */;
			projectDirPath = "";
			projectRoot = "";
			targets = (
				2803E6081B5B9BB000F3C5FF /* BullsEye */,
				2803E61D1B5B9BB000F3C5FF /* BullsEyeTests */,
			);
		};
/* End PBXProject section */

/* Begin PBXResourcesBuildPhase section */
		2803E6071B5B9BB000F3C5FF /* Resources */ = {
			isa = PBXResourcesBuildPhase;
			buildActionMask = 2147483647;
			files = (
				2803E6141B5B9BB000F3C5FF /* Main.storyboard in Resources */,
				2803E6191B5B9BB000F3C5FF /* LaunchScreen.xib in Resources */,
				2803E6161B5B9BB000F3C5FF /* Images.xcassets in Resources */,
			);
			runOnlyForDeploymentPostprocessing = 0;
		};
		2803E61C1B5B9BB000F3C5FF /* Resources */ = {
			isa = PBXResourcesBuildPhase;
			buildActionMask = 2147483647;
			files = (
			);
			runOnlyForDeploymentPostprocessing = 0;
		};
/* End PBXResourcesBuildPhase section */

/* Begin PBXSourcesBuildPhase section */
		2803E6051B5B9BB000F3C5FF /* Sources */ = {
			isa = PBXSourcesBuildPhase;
			buildActionMask = 2147483647;
			files = (
				2803E6111B5B9BB000F3C5FF /* ViewController.swift in Sources */,
				2803E60F1B5B9BB000F3C5FF /* AppDelegate.swift in Sources */,
			);
			runOnlyForDeploymentPostprocessing = 0;
		};
		2803E61A1B5B9BB000F3C5FF /* Sources */ = {
			isa = PBXSourcesBuildPhase;
			buildActionMask = 2147483647;
			files = (
				2803E6251B5B9BB000F3C5FF /* BullsEyeTests.swift in Sources */,
			);
			runOnlyForDeploymentPostprocessing = 0;
		};
/* End PBXSourcesBuildPhase section */

/* Begin PBXTargetDependency section */
		2803E6201B5B9BB000F3C5FF /* PBXTargetDependency */ = {
			isa = PBXTargetDependency;
			target = 2803E6081B5B9BB000F3C5FF /* BullsEye */;
			targetProxy = 2803E61F1B5B9BB000F3C5FF /* PBXContainerItemProxy */;
		};
/* End PBXTargetDependency section */

/* Begin PBXVariantGroup section */
		2803E6121B5B9BB000F3C5FF /* Main.storyboard */ = {
			isa = PBXVariantGroup;
			children = (
				2803E6131B5B9BB000F3C5FF /* Base */,
			);
			name = Main.storyboard;
			sourceTree = "<group>";
		};
		2803E6171B5B9BB000F3C5FF /* LaunchScreen.xib */ = {
			isa = PBXVariantGroup;
			children = (
				2803E6181B5B9BB000F3C5FF /* Base */,
			);
			name = LaunchScreen.xib;
			sourceTree = "<group>";
		};
/* End PBXVariantGroup section */

/* Begin XCBuildConfiguration section */
		2803E6261B5B9BB000F3C5FF /* Debug */ = {
			isa = XCBuildConfiguration;
			buildSettings = {
				ALWAYS_SEARCH_USER_PATHS = NO;
				CLANG_CXX_LANGUAGE_STANDARD = "gnu++0x";
				CLANG_CXX_LIBRARY = "libc++";
				CLANG_ENABLE_MODULES = YES;
				CLANG_ENABLE_OBJC_ARC = YES;
				CLANG_WARN_BOOL_CONVERSION = YES;
				CLANG_WARN_CONSTANT_CONVERSION = YES;
				CLANG_WARN_DIRECT_OBJC_ISA_USAGE = YES_ERROR;
				CLANG_WARN_EMPTY_BODY = YES;
				CLANG_WARN_ENUM_CONVERSION = YES;
				CLANG_WARN_INT_CONVERSION = YES;
				CLANG_WARN_OBJC_ROOT_CLASS = YES_ERROR;
				CLANG_WARN_UNREACHABLE_CODE = YES;
				CLANG_WARN__DUPLICATE_METHOD_MATCH = YES;
				"CODE_SIGN_IDENTITY[sdk=iphoneos*]" = "iPhone Developer";
				COPY_PHASE_STRIP = NO;
				DEBUG_INFORMATION_FORMAT = "dwarf-with-dsym";
				ENABLE_STRICT_OBJC_MSGSEND = YES;
				GCC_C_LANGUAGE_STANDARD = gnu99;
				GCC_DYNAMIC_NO_PIC = NO;
				GCC_NO_COMMON_BLOCKS = YES;
				GCC_OPTIMIZATION_LEVEL = 0;
				GCC_PREPROCESSOR_DEFINITIONS = (
					"DEBUG=1",
					"$(inherited)",
				);
				GCC_SYMBOLS_PRIVATE_EXTERN = NO;
				GCC_WARN_64_TO_32_BIT_CONVERSION = YES;
				GCC_WARN_ABOUT_RETURN_TYPE = YES_ERROR;
				GCC_WARN_UNDECLARED_SELECTOR = YES;
				GCC_WARN_UNINITIALIZED_AUTOS = YES_AGGRESSIVE;
				GCC_WARN_UNUSED_FUNCTION = YES;
				GCC_WARN_UNUSED_VARIABLE = YES;
				IPHONEOS_DEPLOYMENT_TARGET = 8.4;
				MTL_ENABLE_DEBUG_INFO = YES;
				ONLY_ACTIVE_ARCH = YES;
				SDKROOT = iphoneos;
				SWIFT_OPTIMIZATION_LEVEL = "-Onone";
				TARGETED_DEVICE_FAMILY = "1,2";
			};
			name = Debug;
		};
		2803E6271B5B9BB000F3C5FF /* Release */ = {
			isa = XCBuildConfiguration;
			buildSettings = {
				ALWAYS_SEARCH_USER_PATHS = NO;
				CLANG_CXX_LANGUAGE_STANDARD = "gnu++0x";
				CLANG_CXX_LIBRARY = "libc++";
				CLANG_ENABLE_MODULES = YES;
				CLANG_ENABLE_OBJC_ARC = YES;
				CLANG_WARN_BOOL_CONVERSION = YES;
				CLANG_WARN_CONSTANT_CONVERSION = YES;
				CLANG_WARN_DIRECT_OBJC_ISA_USAGE = YES_ERROR;
				CLANG_WARN_EMPTY_BODY = YES;
				CLANG_WARN_ENUM_CONVERSION = YES;
				CLANG_WARN_INT_CONVERSION = YES;
				CLANG_WARN_OBJC_ROOT_CLASS = YES_ERROR;
				CLANG_WARN_UNREACHABLE_CODE = YES;
				CLANG_WARN__DUPLICATE_METHOD_MATCH = YES;
				"CODE_SIGN_IDENTITY[sdk=iphoneos*]" = "iPhone Developer";
				COPY_PHASE_STRIP = NO;
				DEBUG_INFORMATION_FORMAT = "dwarf-with-dsym";
				ENABLE_NS_ASSERTIONS = NO;
				ENABLE_STRICT_OBJC_MSGSEND = YES;
				GCC_C_LANGUAGE_STANDARD = gnu99;
				GCC_NO_COMMON_BLOCKS = YES;
				GCC_WARN_64_TO_32_BIT_CONVERSION = YES;
				GCC_WARN_ABOUT_RETURN_TYPE = YES_ERROR;
				GCC_WARN_UNDECLARED_SELECTOR = YES;
				GCC_WARN_UNINITIALIZED_AUTOS = YES_AGGRESSIVE;
				GCC_WARN_UNUSED_FUNCTION = YES;
				GCC_WARN_UNUSED_VARIABLE = YES;
				IPHONEOS_DEPLOYMENT_TARGET = 8.4;
				MTL_ENABLE_DEBUG_INFO = NO;
				SDKROOT = iphoneos;
				TARGETED_DEVICE_FAMILY = "1,2";
				VALIDATE_PRODUCT = YES;
			};
			name = Release;
		};
		2803E6291B5B9BB000F3C5FF /* Debug */ = {
			isa = XCBuildConfiguration;
			buildSettings = {
				ASSETCATALOG_COMPILER_APPICON_NAME = AppIcon;
				INFOPLIST_FILE = BullsEye/Info.plist;
				LD_RUNPATH_SEARCH_PATHS = "$(inherited) @executable_path/Frameworks";
				PRODUCT_NAME = "$(TARGET_NAME)";
			};
			name = Debug;
		};
		2803E62A1B5B9BB000F3C5FF /* Release */ = {
			isa = XCBuildConfiguration;
			buildSettings = {
				ASSETCATALOG_COMPILER_APPICON_NAME = AppIcon;
				INFOPLIST_FILE = BullsEye/Info.plist;
				LD_RUNPATH_SEARCH_PATHS = "$(inherited) @executable_path/Frameworks";
				PRODUCT_NAME = "$(TARGET_NAME)";
			};
			name = Release;
		};
		2803E62C1B5B9BB000F3C5FF /* Debug */ = {
			isa = XCBuildConfiguration;
			buildSettings = {
				BUNDLE_LOADER = "$(TEST_HOST)";
				FRAMEWORK_SEARCH_PATHS = (
					"$(SDKROOT)/Developer/Library/Frameworks",
					"$(inherited)",
				);
				GCC_PREPROCESSOR_DEFINITIONS = (
					"DEBUG=1",
					"$(inherited)",
				);
				INFOPLIST_FILE = BullsEyeTests/Info.plist;
				LD_RUNPATH_SEARCH_PATHS = "$(inherited) @executable_path/Frameworks @loader_path/Frameworks";
				PRODUCT_NAME = "$(TARGET_NAME)";
				TEST_HOST = "$(BUILT_PRODUCTS_DIR)/BullsEye.app/BullsEye";
			};
			name = Debug;
		};
		2803E62D1B5B9BB000F3C5FF /* Release */ = {
			isa = XCBuildConfiguration;
			buildSettings = {
				BUNDLE_LOADER = "$(TEST_HOST)";
				FRAMEWORK_SEARCH_PATHS = (
					"$(SDKROOT)/Developer/Library/Frameworks",
					"$(inherited)",
				);
				INFOPLIST_FILE = BullsEyeTests/Info.plist;
				LD_RUNPATH_SEARCH_PATHS = "$(inherited) @executable_path/Frameworks @loader_path/Frameworks";
				PRODUCT_NAME = "$(TARGET_NAME)";
				TEST_HOST = "$(BUILT_PRODUCTS_DIR)/BullsEye.app/BullsEye";
			};
			name = Release;
		};
/* End XCBuildConfiguration section */

/* Begin XCConfigurationList section */
		2803E6041B5B9BB000F3C5FF /* Build configuration list for PBXProject "BullsEye" */ = {
			isa = XCConfigurationList;
			buildConfigurations = (
				2803E6261B5B9BB000F3C5FF /* Debug */,
				2803E6271B5B9BB000F3C5FF /* Release */,
			);
			defaultConfigurationIsVisible = 0;
			defaultConfigurationName = Release;
		};
		2803E6281B5B9BB000F3C5FF /* Build configuration list for PBXNativeTarget "BullsEye" */ = {
			isa = XCConfigurationList;
			buildConfigurations = (
				2803E6291B5B9BB000F3C5FF /* Debug */,
				2803E62A1B5B9BB000F3C5FF /* Release */,
			);
			defaultConfigurationIsVisible = 0;
		};
		2803E62B1B5B9BB000F3C5FF /* Build configuration list for PBXNativeTarget "BullsEyeTests" */ = {
			isa = XCConfigurationList;
			buildConfigurations = (
				2803E62C1B5B9BB000F3C5FF /* Debug */,
				2803E62D1B5B9BB000F3C5FF /* Release */,
			);
			defaultConfigurationIsVisible = 0;
		};
/* End XCConfigurationList section */
	};
	rootObject = 2803E6011B5B9BB000F3C5FF /* Project object */;
}
